
Microsoft Visual Studio Solution File, Format Version 12.00
# Visual Studio Version 17
VisualStudioVersion = 17.0.31903.59
MinimumVisualStudioVersion = 10.0.40219.1
Project("{2150E333-8FDC-42A3-9474-1A3956D46DE8}") = "src", "src", "{827E0CD3-B72D-47B6-A68D-7590B98EB39B}"
EndProject
Project("{2150E333-8FDC-42A3-9474-1A3956D46DE8}") = "HarnessCli", "HarnessCli", "{D3E37832-73FE-53A3-0CFD-8A7FF6962512}"
EndProject
Project("{FAE04EC0-301F-11D3-BF4B-00C04F79EFBC}") = "OpencodeHarnessCli", "src\HarnessCli\OpencodeHarnessCli.csproj", "{8EF0EBEC-C666-406F-945A-842C14849153}"
EndProject
Project("{2150E333-8FDC-42A3-9474-1A3956D46DE8}") = "tests", "tests", "{0AB3BF05-4346-4AA6-1389-037BE0695223}"
EndProject
Project("{FAE04EC0-301F-11D3-BF4B-00C04F79EFBC}") = "HarnessCli.UnitTests", "tests\HarnessCli.UnitTests\HarnessCli.UnitTests.csproj", "{00FE59C6-7CCF-4733-8C55-A617D54116FD}"
EndProject
Project("{FAE04EC0-301F-11D3-BF4B-00C04F79EFBC}") = "HarnessCli.IntegrationTests", "tests\HarnessCli.IntegrationTests\HarnessCli.IntegrationTests.csproj", "{A86E05F6-F602-4B83-B772-801135CAED99}"
EndProject
Project("{FAE04EC0-301F-11D3-BF4B-00C04F79EFBC}") = "HarnessCli.Core", "src\HarnessCli.Core\HarnessCli.Core.csproj", "{9290F312-5C62-46C1-99B3-DD6F6C3943FB}"
EndProject
Global
	GlobalSection(SolutionConfigurationPlatforms) = preSolution
		Debug|Any CPU = Debug|Any CPU
		Debug|x64 = Debug|x64
		Debug|x86 = Debug|x86
		Release|Any CPU = Release|Any CPU
		Release|x64 = Release|x64
		Release|x86 = Release|x86
	EndGlobalSection
	GlobalSection(ProjectConfigurationPlatforms) = postSolution
		{8EF0EBEC-C666-406F-945A-842C14849153}.Debug|Any CPU.ActiveCfg = Debug|Any CPU
		{8EF0EBEC-C666-406F-945A-842C14849153}.Debug|Any CPU.Build.0 = Debug|Any CPU
		{8EF0EBEC-C666-406F-945A-842C14849153}.Debug|x64.ActiveCfg = Debug|Any CPU
		{8EF0EBEC-C666-406F-945A-842C14849153}.Debug|x64.Build.0 = Debug|Any CPU
		{8EF0EBEC-C666-406F-945A-842C14849153}.Debug|x86.ActiveCfg = Debug|Any CPU
		{8EF0EBEC-C666-406F-945A-842C14849153}.Debug|x86.Build.0 = Debug|Any CPU
		{8EF0EBEC-C666-406F-945A-842C14849153}.Release|Any CPU.ActiveCfg = Release|Any CPU
		{8EF0EBEC-C666-406F-945A-842C14849153}.Release|Any CPU.Build.0 = Release|Any CPU
		{8EF0EBEC-C666-406F-945A-842C14849153}.Release|x64.ActiveCfg = Release|Any CPU
		{8EF0EBEC-C666-406F-945A-842C14849153}.Release|x64.Build.0 = Release|Any CPU
		{8EF0EBEC-C666-406F-945A-842C14849153}.Release|x86.ActiveCfg = Release|Any CPU
		{8EF0EBEC-C666-406F-945A-842C14849153}.Release|x86.Build.0 = Release|Any CPU
		{00FE59C6-7CCF-4733-8C55-A617D54116FD}.Debug|Any CPU.ActiveCfg = Debug|Any CPU
		{00FE59C6-7CCF-4733-8C55-A617D54116FD}.Debug|Any CPU.Build.0 = Debug|Any CPU
		{00FE59C6-7CCF-4733-8C55-A617D54116FD}.Debug|x64.ActiveCfg = Debug|Any CPU
		{00FE59C6-7CCF-4733-8C55-A617D54116FD}.Debug|x64.Build.0 = Debug|Any CPU
		{00FE59C6-7CCF-4733-8C55-A617D54116FD}.Debug|x86.ActiveCfg = Debug|Any CPU
		{00FE59C6-7CCF-4733-8C55-A617D54116FD}.Debug|x86.Build.0 = Debug|Any CPU
		{00FE59C6-7CCF-4733-8C55-A617D54116FD}.Release|Any CPU.ActiveCfg = Release|Any CPU
		{00FE59C6-7CCF-4733-8C55-A617D54116FD}.Release|Any CPU.Build.0 = Release|Any CPU
		{00FE59C6-7CCF-4733-8C55-A617D54116FD}.Release|x64.ActiveCfg = Release|Any CPU
		{00FE59C6-7CCF-4733-8C55-A617D54116FD}.Release|x64.Build.0 = Release|Any CPU
		{00FE59C6-7CCF-4733-8C55-A617D54116FD}.Release|x86.ActiveCfg = Release|Any CPU
		{00FE59C6-7CCF-4733-8C55-A617D54116FD}.Release|x86.Build.0 = Release|Any CPU
		{A86E05F6-F602-4B83-B772-801135CAED99}.Debug|Any CPU.ActiveCfg = Debug|Any CPU
		{A86E05F6-F602-4B83-B772-801135CAED99}.Debug|Any CPU.Build.0 = Debug|Any CPU
		{A86E05F6-F602-4B83-B772-801135CAED99}.Debug|x64.ActiveCfg = Debug|Any CPU
		{A86E05F6-F602-4B83-B772-801135CAED99}.Debug|x64.Build.0 = Debug|Any CPU
		{A86E05F6-F602-4B83-B772-801135CAED99}.Debug|x86.ActiveCfg = Debug|Any CPU
		{A86E05F6-F602-4B83-B772-801135CAED99}.Debug|x86.Build.0 = Debug|Any CPU
		{A86E05F6-F602-4B83-B772-801135CAED99}.Release|Any CPU.ActiveCfg = Release|Any CPU
		{A86E05F6-F602-4B83-B772-801135CAED99}.Release|Any CPU.Build.0 = Release|Any CPU
		{A86E05F6-F602-4B83-B772-801135CAED99}.Release|x64.ActiveCfg = Release|Any CPU
		{A86E05F6-F602-4B83-B772-801135CAED99}.Release|x64.Build.0 = Release|Any CPU
		{A86E05F6-F602-4B83-B772-801135CAED99}.Release|x86.ActiveCfg = Release|Any CPU
		{A86E05F6-F602-4B83-B772-801135CAED99}.Release|x86.Build.0 = Release|Any CPU
		{9290F312-5C62-46C1-99B3-DD6F6C3943FB}.Debug|Any CPU.ActiveCfg = Debug|Any CPU
		{9290F312-5C62-46C1-99B3-DD6F6C3943FB}.Debug|Any CPU.Build.0 = Debug|Any CPU
		{9290F312-5C62-46C1-99B3-DD6F6C3943FB}.Debug|x64.ActiveCfg = Debug|Any CPU
		{9290F312-5C62-46C1-99B3-DD6F6C3943FB}.Debug|x64.Build.0 = Debug|Any CPU
		{9290F312-5C62-46C1-99B3-DD6F6C3943FB}.Debug|x86.ActiveCfg = Debug|Any CPU
		{9290F312-5C62-46C1-99B3-DD6F6C3943FB}.Debug|x86.Build.0 = Debug|Any CPU
		{9290F312-5C62-46C1-99B3-DD6F6C3943FB}.Release|Any CPU.ActiveCfg = Release|Any CPU
		{9290F312-5C62-46C1-99B3-DD6F6C3943FB}.Release|Any CPU.Build.0 = Release|Any CPU
		{9290F312-5C62-46C1-99B3-DD6F6C3943FB}.Release|x64.ActiveCfg = Release|Any CPU
		{9290F312-5C62-46C1-99B3-DD6F6C3943FB}.Release|x64.Build.0 = Release|Any CPU
		{9290F312-5C62-46C1-99B3-DD6F6C3943FB}.Release|x86.ActiveCfg = Release|Any CPU
		{9290F312-5C62-46C1-99B3-DD6F6C3943FB}.Release|x86.Build.0 = Release|Any CPU
	EndGlobalSection
	GlobalSection(SolutionProperties) = preSolution
		HideSolutionNode = FALSE
	EndGlobalSection
	GlobalSection(NestedProjects) = preSolution
		{D3E37832-73FE-53A3-0CFD-8A7FF6962512} = {827E0CD3-B72D-47B6-A68D-7590B98EB39B}
		{8EF0EBEC-C666-406F-945A-842C14849153} = {D3E37832-73FE-53A3-0CFD-8A7FF6962512}
		{00FE59C6-7CCF-4733-8C55-A617D54116FD} = {0AB3BF05-4346-4AA6-1389-037BE0695223}
		{A86E05F6-F602-4B83-B772-801135CAED99} = {0AB3BF05-4346-4AA6-1389-037BE0695223}
		{9290F312-5C62-46C1-99B3-DD6F6C3943FB} = {827E0CD3-B72D-47B6-A68D-7590B98EB39B}
	EndGlobalSection
EndGlobal
